
Microsoft Visual Studio Solution File, Format Version 12.00
# Visual Studio Version 17
VisualStudioVersion = 17.8.34511.84
MinimumVisualStudioVersion = 10.0.40219.1
Project("{9A19103F-16F7-4668-BE54-9A1E7A4F7556}") = "JOISPOICalculator", "JOISPOICalculator\JOISPOICalculator.csproj", "{FAE2BEDC-3C4B-4644-8322-56FAF27D9FD1}"
EndProject
Project("{930C7802-8A8C-48F9-8165-68863BCCD9DD}") = "JOISPOICalculator.Installer", "JOISPOICalculator.Installer\JOISPOICalculator.Installer.wixproj", "{0A27052A-2600-4F09-967E-1EF61F506FB8}"
EndProject
Global
	GlobalSection(SolutionConfigurationPlatforms) = preSolution
		Debug|x64 = Debug|x64
		Debug|x86 = Debug|x86
		Release|x64 = Release|x64
		Release|x86 = Release|x86
	EndGlobalSection
	GlobalSection(ProjectConfigurationPlatforms) = postSolution
		{FAE2BEDC-3C4B-4644-8322-56FAF27D9FD1}.Debug|x64.ActiveCfg = Debug|Any CPU
		{FAE2BEDC-3C4B-4644-8322-56FAF27D9FD1}.Debug|x64.Build.0 = Debug|Any CPU
		{FAE2BEDC-3C4B-4644-8322-56FAF27D9FD1}.Debug|x86.ActiveCfg = Debug|Any CPU
		{FAE2BEDC-3C4B-4644-8322-56FAF27D9FD1}.Debug|x86.Build.0 = Debug|Any CPU
		{FAE2BEDC-3C4B-4644-8322-56FAF27D9FD1}.Release|x64.ActiveCfg = Release|Any CPU
		{FAE2BEDC-3C4B-4644-8322-56FAF27D9FD1}.Release|x64.Build.0 = Release|Any CPU
		{FAE2BEDC-3C4B-4644-8322-56FAF27D9FD1}.Release|x86.ActiveCfg = Release|Any CPU
		{FAE2BEDC-3C4B-4644-8322-56FAF27D9FD1}.Release|x86.Build.0 = Release|Any CPU
		{0A27052A-2600-4F09-967E-1EF61F506FB8}.Debug|x64.ActiveCfg = Debug|x64
		{0A27052A-2600-4F09-967E-1EF61F506FB8}.Debug|x86.ActiveCfg = Debug|x86
		{0A27052A-2600-4F09-967E-1EF61F506FB8}.Debug|x86.Build.0 = Debug|x86
		{0A27052A-2600-4F09-967E-1EF61F506FB8}.Release|x64.ActiveCfg = Release|x86
		{0A27052A-2600-4F09-967E-1EF61F506FB8}.Release|x64.Build.0 = Release|x86
		{0A27052A-2600-4F09-967E-1EF61F506FB8}.Release|x86.ActiveCfg = Release|x86
		{0A27052A-2600-4F09-967E-1EF61F506FB8}.Release|x86.Build.0 = Release|x86
	EndGlobalSection
	GlobalSection(SolutionProperties) = preSolution
		HideSolutionNode = FALSE
	EndGlobalSection
	GlobalSection(ExtensibilityGlobals) = postSolution
		SolutionGuid = {C82E7694-6C1E-4310-A33B-5D3873E93B3E}
	EndGlobalSection
EndGlobal
